Microsoft Visual Studio Solution File, Format Version 10.00
# Visual Studio 2008
Project("{F184B08F-C81C-45F6-A57F-5ABD9991F28F}") = "DataAccessLayer", "DataAccessLayer.vbproj", "{64102F6C-A5EF-4E53-91B4-A5F4CB43FDBD}"
EndProject
Global
	GlobalSection(SolutionConfigurationPlatforms) = preSolution
		Debug|Any CPU = Debug|Any CPU
		Release|Any CPU = Release|Any CPU
	EndGlobalSection
	GlobalSection(ProjectConfigurationPlatforms) = postSolution
		{64102F6C-A5EF-4E53-91B4-A5F4CB43FDBD}.Debug|Any CPU.ActiveCfg = Debug|Any CPU
		{64102F6C-A5EF-4E53-91B4-A5F4CB43FDBD}.Debug|Any CPU.Build.0 = Debug|Any CPU
		{64102F6C-A5EF-4E53-91B4-A5F4CB43FDBD}.Release|Any CPU.ActiveCfg = Release|Any CPU
		{64102F6C-A5EF-4E53-91B4-A5F4CB43FDBD}.Release|Any CPU.Build.0 = Release|Any CPU
	EndGlobalSection
	GlobalSection(SolutionProperties) = preSolution
		HideSolutionNode = FALSE
	EndGlobalSection
EndGlobal
